// !$*UTF8*$!
{
	archiveVersion = 1;
	classes = {
	};
	objectVersion = 55;
	objects = {

/* Begin PBXBuildFile section */
		6A6B793D289F4B3A0094C492 /* AppDelegate.swift in Sources */ = {isa = PBXBuildFile; fileRef = 6A6B793C289F4B3A0094C492 /* AppDelegate.swift */; };
		6A6B793F289F4B3A0094C492 /* SceneDelegate.swift in Sources */ = {isa = PBXBuildFile; fileRef = 6A6B793E289F4B3A0094C492 /* SceneDelegate.swift */; };
		6A6B7941289F4B3A0094C492 /* ViewController.swift in Sources */ = {isa = PBXBuildFile; fileRef = 6A6B7940289F4B3A0094C492 /* ViewController.swift */; };
		6A6B7944289F4B3A0094C492 /* Main.storyboard in Resources */ = {isa = PBXBuildFile; fileRef = 6A6B7942289F4B3A0094C492 /* Main.storyboard */; };
		6A6B7946289F4B3A0094C492 /* Assets.xcassets in Resources */ = {isa = PBXBuildFile; fileRef = 6A6B7945289F4B3A0094C492 /* Assets.xcassets */; };
		6A6B7949289F4B3A0094C492 /* LaunchScreen.storyboard in Resources */ = {isa = PBXBuildFile; fileRef = 6A6B7947289F4B3A0094C492 /* LaunchScreen.storyboard */; };
		6A82CE6D28A6B15500771298 /* InfoPlist.strings in Resources */ = {isa = PBXBuildFile; fileRef = 6A82CE6F28A6B15500771298 /* InfoPlist.strings */; };
		6A8B000B28AB82AA0090D5EE /* CalorieViewController.swift in Sources */ = {isa = PBXBuildFile; fileRef = 6A8B000A28AB82AA0090D5EE /* CalorieViewController.swift */; };
		6A8B000D28ABC9590090D5EE /* SecdomeViewController.swift in Sources */ = {isa = PBXBuildFile; fileRef = 6A8B000C28ABC9590090D5EE /* SecdomeViewController.swift */; };
		6A8EEE3728A3F483000DE3A0 /* LocationMapViewController.swift in Sources */ = {isa = PBXBuildFile; fileRef = 6A8EEE3628A3F483000DE3A0 /* LocationMapViewController.swift */; };
		6A946B8E289F6A1700FBF621 /* MapViewController.swift in Sources */ = {isa = PBXBuildFile; fileRef = 6A946B8D289F6A1700FBF621 /* MapViewController.swift */; };
		6ACA34B028AA5AAE00F462EC /* BannerCell.swift in Sources */ = {isa = PBXBuildFile; fileRef = 6ACA34AF28AA5AAE00F462EC /* BannerCell.swift */; };
		6ADD606128A3B077000C88C8 /* CustomCell.swift in Sources */ = {isa = PBXBuildFile; fileRef = 6ADD606028A3B077000C88C8 /* CustomCell.swift */; };
		6ADD606328A3B0BC000C88C8 /* Jsonstruct.swift in Sources */ = {isa = PBXBuildFile; fileRef = 6ADD606228A3B0BC000C88C8 /* Jsonstruct.swift */; };
		6ADD606528A3B21A000C88C8 /* SecViewContorller.swift in Sources */ = {isa = PBXBuildFile; fileRef = 6ADD606428A3B21A000C88C8 /* SecViewContorller.swift */; };
/* End PBXBuildFile section */

/* Begin PBXFileReference section */
		66361617A2F6EB87F75743D6 /* Pods_dxChallenge.framework */ = {isa = PBXFileReference; explicitFileType = wrapper.framework; includeInIndex = 0; path = Pods_dxChallenge.framework; sourceTree = BUILT_PRODUCTS_DIR; };
		6A6B7939289F4B3A0094C492 /* dxChallenge.app */ = {isa = PBXFileReference; explicitFileType = wrapper.application; includeInIndex = 0; path = dxChallenge.app; sourceTree = BUILT_PRODUCTS_DIR; };
		6A6B793C289F4B3A0094C492 /* AppDelegate.swift */ = {isa = PBXFileReference; lastKnownFileType = sourcecode.swift; path = AppDelegate.swift; sourceTree = "<group>"; };
		6A6B793E289F4B3A0094C492 /* SceneDelegate.swift */ = {isa = PBXFileReference; lastKnownFileType = sourcecode.swift; path = SceneDelegate.swift; sourceTree = "<group>"; };
		6A6B7940289F4B3A0094C492 /* ViewController.swift */ = {isa = PBXFileReference; lastKnownFileType = sourcecode.swift; path = ViewController.swift; sourceTree = "<group>"; };
		6A6B7943289F4B3A0094C492 /* Base */ = {isa = PBXFileReference; lastKnownFileType = file.storyboard; name = Base; path = Base.lproj/Main.storyboard; sourceTree = "<group>"; };
		6A6B7945289F4B3A0094C492 /* Assets.xcassets */ = {isa = PBXFileReference; lastKnownFileType = folder.assetcatalog; path = Assets.xcassets; sourceTree = "<group>"; };
		6A6B7948289F4B3A0094C492 /* Base */ = {isa = PBXFileReference; lastKnownFileType = file.storyboard; name = Base; path = Base.lproj/LaunchScreen.storyboard; sourceTree = "<group>"; };
		6A6B794A289F4B3A0094C492 /* Info.plist */ = {isa = PBXFileReference; lastKnownFileType = text.plist.xml; path = Info.plist; sourceTree = "<group>"; };
		6A82CE6928A6B11400771298 /* ko */ = {isa = PBXFileReference; lastKnownFileType = text.plist.strings; name = ko; path = ko.lproj/Main.strings; sourceTree = "<group>"; };
		6A82CE6A28A6B11400771298 /* ko */ = {isa = PBXFileReference; lastKnownFileType = text.plist.strings; name = ko; path = ko.lproj/LaunchScreen.strings; sourceTree = "<group>"; };
		6A82CE6E28A6B15500771298 /* ko */ = {isa = PBXFileReference; lastKnownFileType = text.plist.strings; name = ko; path = ko.lproj/InfoPlist.strings; sourceTree = "<group>"; };
		6A82CE7028A6B15700771298 /* en */ = {isa = PBXFileReference; lastKnownFileType = text.plist.strings; name = en; path = en.lproj/InfoPlist.strings; sourceTree = "<group>"; };
		6A8B000A28AB82AA0090D5EE /* CalorieViewController.swift */ = {isa = PBXFileReference; lastKnownFileType = sourcecode.swift; path = CalorieViewController.swift; sourceTree = "<group>"; };
		6A8B000C28ABC9590090D5EE /* SecdomeViewController.swift */ = {isa = PBXFileReference; lastKnownFileType = sourcecode.swift; path = SecdomeViewController.swift; sourceTree = "<group>"; };
		6A8EEE3628A3F483000DE3A0 /* LocationMapViewController.swift */ = {isa = PBXFileReference; lastKnownFileType = sourcecode.swift; path = LocationMapViewController.swift; sourceTree = "<group>"; };
		6A946B8D289F6A1700FBF621 /* MapViewController.swift */ = {isa = PBXFileReference; lastKnownFileType = sourcecode.swift; path = MapViewController.swift; sourceTree = "<group>"; };
		6AB00E1128A7869300FC0F3F /* en */ = {isa = PBXFileReference; lastKnownFileType = text.plist.strings; name = en; path = en.lproj/LaunchScreen.strings; sourceTree = "<group>"; };
		6ACA34AF28AA5AAE00F462EC /* BannerCell.swift */ = {isa = PBXFileReference; lastKnownFileType = sourcecode.swift; path = BannerCell.swift; sourceTree = "<group>"; };
		6ADD606028A3B077000C88C8 /* CustomCell.swift */ = {isa = PBXFileReference; lastKnownFileType = sourcecode.swift; path = CustomCell.swift; sourceTree = "<group>"; };
		6ADD606228A3B0BC000C88C8 /* Jsonstruct.swift */ = {isa = PBXFileReference; lastKnownFileType = sourcecode.swift; path = Jsonstruct.swift; sourceTree = "<group>"; };
		6ADD606428A3B21A000C88C8 /* SecViewContorller.swift */ = {isa = PBXFileReference; lastKnownFileType = sourcecode.swift; path = SecViewContorller.swift; sourceTree = "<group>"; };
		81F3A381EBA376564DC57788 /* Pods-dxChallenge.debug.xcconfig */ = {isa = PBXFileReference; includeInIndex = 1; lastKnownFileType = text.xcconfig; name = "Pods-dxChallenge.debug.xcconfig"; path = "Target Support Files/Pods-dxChallenge/Pods-dxChallenge.debug.xcconfig"; sourceTree = "<group>"; };
		C784512CFE2AEF1BB219386A /* Pods-dxChallenge.release.xcconfig */ = {isa = PBXFileReference; includeInIndex = 1; lastKnownFileType = text.xcconfig; name = "Pods-dxChallenge.release.xcconfig"; path = "Target Support Files/Pods-dxChallenge/Pods-dxChallenge.release.xcconfig"; sourceTree = "<group>"; };
/* End PBXFileReference section */

/* Begin PBXFrameworksBuildPhase section */
		6A6B7936289F4B3A0094C492 /* Frameworks */ = {
			isa = PBXFrameworksBuildPhase;
			buildActionMask = 2147483647;
			files = (
			);
			runOnlyForDeploymentPostprocessing = 0;
		};
/* End PBXFrameworksBuildPhase section */

/* Begin PBXGroup section */
		120DAB91DC86F719EAEBB7E5 /* Frameworks */ = {
			isa = PBXGroup;
			children = (
				66361617A2F6EB87F75743D6 /* Pods_dxChallenge.framework */,
			);
			name = Frameworks;
			sourceTree = "<group>";
		};
		588C000758EA78D1CAD3DD67 /* Pods */ = {
			isa = PBXGroup;
			children = (
				81F3A381EBA376564DC57788 /* Pods-dxChallenge.debug.xcconfig */,
				C784512CFE2AEF1BB219386A /* Pods-dxChallenge.release.xcconfig */,
			);
			path = Pods;
			sourceTree = "<group>";
		};
		6A6B7930289F4B390094C492 = {
			isa = PBXGroup;
			children = (
				6A6B793B289F4B3A0094C492 /* dxChallenge */,
				6A6B793A289F4B3A0094C492 /* Products */,
				588C000758EA78D1CAD3DD67 /* Pods */,
				120DAB91DC86F719EAEBB7E5 /* Frameworks */,
			);
			sourceTree = "<group>";
		};
		6A6B793A289F4B3A0094C492 /* Products */ = {
			isa = PBXGroup;
			children = (
				6A6B7939289F4B3A0094C492 /* dxChallenge.app */,
			);
			name = Products;
			sourceTree = "<group>";
		};
		6A6B793B289F4B3A0094C492 /* dxChallenge */ = {
			isa = PBXGroup;
			children = (
				6A6B793C289F4B3A0094C492 /* AppDelegate.swift */,
				6A6B793E289F4B3A0094C492 /* SceneDelegate.swift */,
				6ADD605F28A3B03B000C88C8 /* 메인화면 */,
				6ADD606428A3B21A000C88C8 /* SecViewContorller.swift */,
				6A8B000C28ABC9590090D5EE /* SecdomeViewController.swift */,
				6A946B8D289F6A1700FBF621 /* MapViewController.swift */,
				6ACA34AF28AA5AAE00F462EC /* BannerCell.swift */,
				6A8B000A28AB82AA0090D5EE /* CalorieViewController.swift */,
				6A6B7945289F4B3A0094C492 /* Assets.xcassets */,
				6A6B7947289F4B3A0094C492 /* LaunchScreen.storyboard */,
				6A6B794A289F4B3A0094C492 /* Info.plist */,
				6A82CE6F28A6B15500771298 /* InfoPlist.strings */,
			);
			path = dxChallenge;
			sourceTree = "<group>";
		};
		6ADD605F28A3B03B000C88C8 /* 메인화면 */ = {
			isa = PBXGroup;
			children = (
				6A6B7942289F4B3A0094C492 /* Main.storyboard */,
				6A6B7940289F4B3A0094C492 /* ViewController.swift */,
				6ADD606028A3B077000C88C8 /* CustomCell.swift */,
				6ADD606228A3B0BC000C88C8 /* Jsonstruct.swift */,
				6A8EEE3628A3F483000DE3A0 /* LocationMapViewController.swift */,
			);
			name = "메인화면";
			path = "메인화면";
			sourceTree = "<group>";
		};
/* End PBXGroup section */

/* Begin PBXNativeTarget section */
		6A6B7938289F4B3A0094C492 /* dxChallenge */ = {
			isa = PBXNativeTarget;
			buildConfigurationList = 6A6B794D289F4B3A0094C492 /* Build configuration list for PBXNativeTarget "dxChallenge" */;
			buildPhases = (
				B2251FA6E6A236599C6EE97F /* [CP] Check Pods Manifest.lock */,
				6A6B7935289F4B3A0094C492 /* Sources */,
				6A6B7936289F4B3A0094C492 /* Frameworks */,
				6A6B7937289F4B3A0094C492 /* Resources */,
				3BE275AB1DE6A55316CF480B /* [CP] Copy Pods Resources */,
			);
			buildRules = (
			);
			dependencies = (
			);
			name = dxChallenge;
			productName = dxChallenge;
			productReference = 6A6B7939289F4B3A0094C492 /* dxChallenge.app */;
			productType = "com.apple.product-type.application";
		};
/* End PBXNativeTarget section */

/* Begin PBXProject section */
		6A6B7931289F4B390094C492 /* Project object */ = {
			isa = PBXProject;
			attributes = {
				BuildIndependentTargetsInParallel = 1;
				LastSwiftUpdateCheck = 1340;
				LastUpgradeCheck = 1340;
				TargetAttributes = {
					6A6B7938289F4B3A0094C492 = {
						CreatedOnToolsVersion = 13.4.1;
					};
				};
			};
			buildConfigurationList = 6A6B7934289F4B3A0094C492 /* Build configuration list for PBXProject "dxChallenge" */;
			compatibilityVersion = "Xcode 13.0";
			developmentRegion = en;
			hasScannedForEncodings = 0;
			knownRegions = (
				en,
				Base,
				ko,
			);
			mainGroup = 6A6B7930289F4B390094C492;
			productRefGroup = 6A6B793A289F4B3A0094C492 /* Products */;
			projectDirPath = "";
			projectRoot = "";
			targets = (
				6A6B7938289F4B3A0094C492 /* dxChallenge */,
			);
		};
/* End PBXProject section */

/* Begin PBXResourcesBuildPhase section */
		6A6B7937289F4B3A0094C492 /* Resources */ = {
			isa = PBXResourcesBuildPhase;
			buildActionMask = 2147483647;
			files = (
				6A6B7949289F4B3A0094C492 /* LaunchScreen.storyboard in Resources */,
				6A82CE6D28A6B15500771298 /* InfoPlist.strings in Resources */,
				6A6B7946289F4B3A0094C492 /* Assets.xcassets in Resources */,
				6A6B7944289F4B3A0094C492 /* Main.storyboard in Resources */,
			);
			runOnlyForDeploymentPostprocessing = 0;
		};
/* End PBXResourcesBuildPhase section */

/* Begin PBXShellScriptBuildPhase section */
		3BE275AB1DE6A55316CF480B /* [CP] Copy Pods Resources */ = {
			isa = PBXShellScriptBuildPhase;
			buildActionMask = 2147483647;
			files = (
			);
			inputFileListPaths = (
				"${PODS_ROOT}/Target Support Files/Pods-dxChallenge/Pods-dxChallenge-resources-${CONFIGURATION}-input-files.xcfilelist",
			);
			name = "[CP] Copy Pods Resources";
			outputFileListPaths = (
				"${PODS_ROOT}/Target Support Files/Pods-dxChallenge/Pods-dxChallenge-resources-${CONFIGURATION}-output-files.xcfilelist",
			);
			runOnlyForDeploymentPostprocessing = 0;
			shellPath = /bin/sh;
			shellScript = "\"${PODS_ROOT}/Target Support Files/Pods-dxChallenge/Pods-dxChallenge-resources.sh\"\n";
			showEnvVarsInLog = 0;
		};
		B2251FA6E6A236599C6EE97F /* [CP] Check Pods Manifest.lock */ = {
			isa = PBXShellScriptBuildPhase;
			buildActionMask = 2147483647;
			files = (
			);
			inputFileListPaths = (
			);
			inputPaths = (
				"${PODS_PODFILE_DIR_PATH}/Podfile.lock",
				"${PODS_ROOT}/Manifest.lock",
			);
			name = "[CP] Check Pods Manifest.lock";
			outputFileListPaths = (
			);
			outputPaths = (
				"$(DERIVED_FILE_DIR)/Pods-dxChallenge-checkManifestLockResult.txt",
			);
			runOnlyForDeploymentPostprocessing = 0;
			shellPath = /bin/sh;
			shellScript = "diff \"${PODS_PODFILE_DIR_PATH}/Podfile.lock\" \"${PODS_ROOT}/Manifest.lock\" > /dev/null\nif [ $? != 0 ] ; then\n    # print error to STDERR\n    echo \"error: The sandbox is not in sync with the Podfile.lock. Run 'pod install' or update your CocoaPods installation.\" >&2\n    exit 1\nfi\n# This output is used by Xcode 'outputs' to avoid re-running this script phase.\necho \"SUCCESS\" > \"${SCRIPT_OUTPUT_FILE_0}\"\n";
			showEnvVarsInLog = 0;
		};
/* End PBXShellScriptBuildPhase section */

/* Begin PBXSourcesBuildPhase section */
		6A6B7935289F4B3A0094C492 /* Sources */ = {
			isa = PBXSourcesBuildPhase;
			buildActionMask = 2147483647;
			files = (
				6A8B000B28AB82AA0090D5EE /* CalorieViewController.swift in Sources */,
				6A8EEE3728A3F483000DE3A0 /* LocationMapViewController.swift in Sources */,
				6A6B7941289F4B3A0094C492 /* ViewController.swift in Sources */,
				6ADD606328A3B0BC000C88C8 /* Jsonstruct.swift in Sources */,
				6A6B793D289F4B3A0094C492 /* AppDelegate.swift in Sources */,
				6A8B000D28ABC9590090D5EE /* SecdomeViewController.swift in Sources */,
				6ADD606528A3B21A000C88C8 /* SecViewContorller.swift in Sources */,
				6A6B793F289F4B3A0094C492 /* SceneDelegate.swift in Sources */,
				6ADD606128A3B077000C88C8 /* CustomCell.swift in Sources */,
				6A946B8E289F6A1700FBF621 /* MapViewController.swift in Sources */,
				6ACA34B028AA5AAE00F462EC /* BannerCell.swift in Sources */,
			);
			runOnlyForDeploymentPostprocessing = 0;
		};
/* End PBXSourcesBuildPhase section */

/* Begin PBXVariantGroup section */
		6A6B7942289F4B3A0094C492 /* Main.storyboard */ = {
			isa = PBXVariantGroup;
			children = (
				6A6B7943289F4B3A0094C492 /* Base */,
				6A82CE6928A6B11400771298 /* ko */,
			);
			name = Main.storyboard;
			sourceTree = "<group>";
		};
		6A6B7947289F4B3A0094C492 /* LaunchScreen.storyboard */ = {
			isa = PBXVariantGroup;
			children = (
				6A6B7948289F4B3A0094C492 /* Base */,
				6A82CE6A28A6B11400771298 /* ko */,
				6AB00E1128A7869300FC0F3F /* en */,
			);
			name = LaunchScreen.storyboard;
			sourceTree = "<group>";
		};
		6A82CE6F28A6B15500771298 /* InfoPlist.strings */ = {
			isa = PBXVariantGroup;
			children = (
				6A82CE6E28A6B15500771298 /* ko */,
				6A82CE7028A6B15700771298 /* en */,
			);
			name = InfoPlist.strings;
			sourceTree = "<group>";
		};
/* End PBXVariantGroup section */

/* Begin XCBuildConfiguration section */
		6A6B794B289F4B3A0094C492 /* Debug */ = {
			isa = XCBuildConfiguration;
			buildSettings = {
				ALWAYS_SEARCH_USER_PATHS = NO;
				CLANG_ANALYZER_LOCALIZABILITY_NONLOCALIZED = YES;
				CLANG_ANALYZER_NONNULL = YES;
				CLANG_ANALYZER_NUMBER_OBJECT_CONVERSION = YES_AGGRESSIVE;
				CLANG_CXX_LANGUAGE_STANDARD = "gnu++17";
				CLANG_ENABLE_MODULES = YES;
				CLANG_ENABLE_OBJC_ARC = YES;
				CLANG_ENABLE_OBJC_WEAK = YES;
				CLANG_WARN_BLOCK_CAPTURE_AUTORELEASING = YES;
				CLANG_WARN_BOOL_CONVERSION = YES;
				CLANG_WARN_COMMA = YES;
				CLANG_WARN_CONSTANT_CONVERSION = YES;
				CLANG_WARN_DEPRECATED_OBJC_IMPLEMENTATIONS = YES;
				CLANG_WARN_DIRECT_OBJC_ISA_USAGE = YES_ERROR;
				CLANG_WARN_DOCUMENTATION_COMMENTS = YES;
				CLANG_WARN_EMPTY_BODY = YES;
				CLANG_WARN_ENUM_CONVERSION = YES;
				CLANG_WARN_INFINITE_RECURSION = YES;
				CLANG_WARN_INT_CONVERSION = YES;
				CLANG_WARN_NON_LITERAL_NULL_CONVERSION = YES;
				CLANG_WARN_OBJC_IMPLICIT_RETAIN_SELF = YES;
				CLANG_WARN_OBJC_LITERAL_CONVERSION = YES;
				CLANG_WARN_OBJC_ROOT_CLASS = YES_ERROR;
				CLANG_WARN_QUOTED_INCLUDE_IN_FRAMEWORK_HEADER = YES;
				CLANG_WARN_RANGE_LOOP_ANALYSIS = YES;
				CLANG_WARN_STRICT_PROTOTYPES = YES;
				CLANG_WARN_SUSPICIOUS_MOVE = YES;
				CLANG_WARN_UNGUARDED_AVAILABILITY = YES_AGGRESSIVE;
				CLANG_WARN_UNREACHABLE_CODE = YES;
				CLANG_WARN__DUPLICATE_METHOD_MATCH = YES;
				COPY_PHASE_STRIP = NO;
				DEBUG_INFORMATION_FORMAT = dwarf;
				ENABLE_STRICT_OBJC_MSGSEND = YES;
				ENABLE_TESTABILITY = YES;
				"EXCLUDED_ARCHS[sdk=iphonesimulator*]" = arm64;
				GCC_C_LANGUAGE_STANDARD = gnu11;
				GCC_DYNAMIC_NO_PIC = NO;
				GCC_NO_COMMON_BLOCKS = YES;
				GCC_OPTIMIZATION_LEVEL = 0;
				GCC_PREPROCESSOR_DEFINITIONS = (
					"DEBUG=1",
					"$(inherited)",
				);
				GCC_WARN_64_TO_32_BIT_CONVERSION = YES;
				GCC_WARN_ABOUT_RETURN_TYPE = YES_ERROR;
				GCC_WARN_UNDECLARED_SELECTOR = YES;
				GCC_WARN_UNINITIALIZED_AUTOS = YES_AGGRESSIVE;
				GCC_WARN_UNUSED_FUNCTION = YES;
				GCC_WARN_UNUSED_VARIABLE = YES;
				IPHONEOS_DEPLOYMENT_TARGET = 15.5;
				MTL_ENABLE_DEBUG_INFO = INCLUDE_SOURCE;
				MTL_FAST_MATH = YES;
				ONLY_ACTIVE_ARCH = YES;
				SDKROOT = iphoneos;
				SWIFT_ACTIVE_COMPILATION_CONDITIONS = DEBUG;
				SWIFT_OPTIMIZATION_LEVEL = "-Onone";
			};
			name = Debug;
		};
		6A6B794C289F4B3A0094C492 /* Release */ = {
			isa = XCBuildConfiguration;
			buildSettings = {
				ALWAYS_SEARCH_USER_PATHS = NO;
				CLANG_ANALYZER_LOCALIZABILITY_NONLOCALIZED = YES;
				CLANG_ANALYZER_NONNULL = YES;
				CLANG_ANALYZER_NUMBER_OBJECT_CONVERSION = YES_AGGRESSIVE;
				CLANG_CXX_LANGUAGE_STANDARD = "gnu++17";
				CLANG_ENABLE_MODULES = YES;
				CLANG_ENABLE_OBJC_ARC = YES;
				CLANG_ENABLE_OBJC_WEAK = YES;
				CLANG_WARN_BLOCK_CAPTURE_AUTORELEASING = YES;
				CLANG_WARN_BOOL_CONVERSION = YES;
				CLANG_WARN_COMMA = YES;
				CLANG_WARN_CONSTANT_CONVERSION = YES;
				CLANG_WARN_DEPRECATED_OBJC_IMPLEMENTATIONS = YES;
				CLANG_WARN_DIRECT_OBJC_ISA_USAGE = YES_ERROR;
				CLANG_WARN_DOCUMENTATION_COMMENTS = YES;
				CLANG_WARN_EMPTY_BODY = YES;
				CLANG_WARN_ENUM_CONVERSION = YES;
				CLANG_WARN_INFINITE_RECURSION = YES;
				CLANG_WARN_INT_CONVERSION = YES;
				CLANG_WARN_NON_LITERAL_NULL_CONVERSION = YES;
				CLANG_WARN_OBJC_IMPLICIT_RETAIN_SELF = YES;
				CLANG_WARN_OBJC_LITERAL_CONVERSION = YES;
				CLANG_WARN_OBJC_ROOT_CLASS = YES_ERROR;
				CLANG_WARN_QUOTED_INCLUDE_IN_FRAMEWORK_HEADER = YES;
				CLANG_WARN_RANGE_LOOP_ANALYSIS = YES;
				CLANG_WARN_STRICT_PROTOTYPES = YES;
				CLANG_WARN_SUSPICIOUS_MOVE = YES;
				CLANG_WARN_UNGUARDED_AVAILABILITY = YES_AGGRESSIVE;
				CLANG_WARN_UNREACHABLE_CODE = YES;
				CLANG_WARN__DUPLICATE_METHOD_MATCH = YES;
				COPY_PHASE_STRIP = NO;
				DEBUG_INFORMATION_FORMAT = "dwarf-with-dsym";
				ENABLE_NS_ASSERTIONS = NO;
				ENABLE_STRICT_OBJC_MSGSEND = YES;
				"EXCLUDED_ARCHS[sdk=iphonesimulator*]" = arm64;
				GCC_C_LANGUAGE_STANDARD = gnu11;
				GCC_NO_COMMON_BLOCKS = YES;
				GCC_WARN_64_TO_32_BIT_CONVERSION = YES;
				GCC_WARN_ABOUT_RETURN_TYPE = YES_ERROR;
				GCC_WARN_UNDECLARED_SELECTOR = YES;
				GCC_WARN_UNINITIALIZED_AUTOS = YES_AGGRESSIVE;
				GCC_WARN_UNUSED_FUNCTION = YES;
				GCC_WARN_UNUSED_VARIABLE = YES;
				IPHONEOS_DEPLOYMENT_TARGET = 15.5;
				MTL_ENABLE_DEBUG_INFO = NO;
				MTL_FAST_MATH = YES;
				ONLY_ACTIVE_ARCH = YES;
				SDKROOT = iphoneos;
				SWIFT_COMPILATION_MODE = wholemodule;
				SWIFT_OPTIMIZATION_LEVEL = "-O";
				VALIDATE_PRODUCT = YES;
			};
			name = Release;
		};
		6A6B794E289F4B3A0094C492 /* Debug */ = {
			isa = XCBuildConfiguration;
			baseConfigurationReference = 81F3A381EBA376564DC57788 /* Pods-dxChallenge.debug.xcconfig */;
			buildSettings = {
				ASSETCATALOG_COMPILER_APPICON_NAME = AppIcon;
				ASSETCATALOG_COMPILER_GLOBAL_ACCENT_COLOR_NAME = AccentColor;
				CODE_SIGN_STYLE = Automatic;
				CURRENT_PROJECT_VERSION = 1.0.1;
				DEVELOPMENT_TEAM = 8CC3Y38GVP;
				GENERATE_INFOPLIST_FILE = YES;
				INFOPLIST_FILE = dxChallenge/Info.plist;
				INFOPLIST_KEY_LSApplicationCategoryType = "";
				INFOPLIST_KEY_NSLocationAlwaysAndWhenInUseUsageDescription = "사용자 현재 위치 주변의 식당정보를 보여주기 위해 위치서비스를 이용합니다.";
				INFOPLIST_KEY_NSLocationWhenInUseUsageDescription = "사용자 현재 위치 주변의 식당정보를 보여주기 위해 위치서비스를 이용합니다.";
				INFOPLIST_KEY_UIApplicationSupportsIndirectInputEvents = YES;
				INFOPLIST_KEY_UILaunchStoryboardName = LaunchScreen;
				INFOPLIST_KEY_UIMainStoryboardFile = Main;
				INFOPLIST_KEY_UISupportedInterfaceOrientations = UIInterfaceOrientationPortrait;
				INFOPLIST_KEY_UISupportedInterfaceOrientations_iPad = "UIInterfaceOrientationPortrait UIInterfaceOrientationPortraitUpsideDown UIInterfaceOrientationLandscapeLeft UIInterfaceOrientationLandscapeRight";
				INFOPLIST_KEY_UISupportedInterfaceOrientations_iPhone = "UIInterfaceOrientationPortrait UIInterfaceOrientationLandscapeLeft UIInterfaceOrientationLandscapeRight";
				LD_RUNPATH_SEARCH_PATHS = (
					"$(inherited)",
					"@executable_path/Frameworks",
				);
				MARKETING_VERSION = 1.0.1;
				PRODUCT_BUNDLE_IDENTIFIER = com.dxChallenge.Sa2so5iso;
				PRODUCT_NAME = "$(TARGET_NAME)";
				SWIFT_EMIT_LOC_STRINGS = YES;
				SWIFT_VERSION = 5.0;
				TARGETED_DEVICE_FAMILY = 1;
				VALIDATE_WORKSPACE = NO;
			};
			name = Debug;
		};
		6A6B794F289F4B3A0094C492 /* Release */ = {
			isa = XCBuildConfiguration;
			baseConfigurationReference = C784512CFE2AEF1BB219386A /* Pods-dxChallenge.release.xcconfig */;
			buildSettings = {
				ASSETCATALOG_COMPILER_APPICON_NAME = AppIcon;
				ASSETCATALOG_COMPILER_GLOBAL_ACCENT_COLOR_NAME = AccentColor;
				CODE_SIGN_STYLE = Automatic;
				CURRENT_PROJECT_VERSION = 1.0.1;
				DEVELOPMENT_TEAM = 8CC3Y38GVP;
				GENERATE_INFOPLIST_FILE = YES;
				INFOPLIST_FILE = dxChallenge/Info.plist;
				INFOPLIST_KEY_LSApplicationCategoryType = "";
				INFOPLIST_KEY_NSLocationAlwaysAndWhenInUseUsageDescription = "사용자 현재 위치 주변의 식당정보를 보여주기 위해 위치서비스를 이용합니다.";
				INFOPLIST_KEY_NSLocationWhenInUseUsageDescription = "사용자 현재 위치 주변의 식당정보를 보여주기 위해 위치서비스를 이용합니다.";
				INFOPLIST_KEY_UIApplicationSupportsIndirectInputEvents = YES;
				INFOPLIST_KEY_UILaunchStoryboardName = LaunchScreen;
				INFOPLIST_KEY_UIMainStoryboardFile = Main;
				INFOPLIST_KEY_UISupportedInterfaceOrientations = UIInterfaceOrientationPortrait;
				INFOPLIST_KEY_UISupportedInterfaceOrientations_iPad = "UIInterfaceOrientationPortrait UIInterfaceOrientationPortraitUpsideDown UIInterfaceOrientationLandscapeLeft UIInterfaceOrientationLandscapeRight";
				INFOPLIST_KEY_UISupportedInterfaceOrientations_iPhone = "UIInterfaceOrientationPortrait UIInterfaceOrientationLandscapeLeft UIInterfaceOrientationLandscapeRight";
				LD_RUNPATH_SEARCH_PATHS = (
					"$(inherited)",
					"@executable_path/Frameworks",
				);
				MARKETING_VERSION = 1.0.1;
				PRODUCT_BUNDLE_IDENTIFIER = com.dxChallenge.Sa2so5iso;
				PRODUCT_NAME = "$(TARGET_NAME)";
				SWIFT_EMIT_LOC_STRINGS = YES;
				SWIFT_VERSION = 5.0;
				TARGETED_DEVICE_FAMILY = 1;
				VALIDATE_WORKSPACE = NO;
			};
			name = Release;
		};
/* End XCBuildConfiguration section */

/* Begin XCConfigurationList section */
		6A6B7934289F4B3A0094C492 /* Build configuration list for PBXProject "dxChallenge" */ = {
			isa = XCConfigurationList;
			buildConfigurations = (
				6A6B794B289F4B3A0094C492 /* Debug */,
				6A6B794C289F4B3A0094C492 /* Release */,
			);
			defaultConfigurationIsVisible = 0;
			defaultConfigurationName = Release;
		};
		6A6B794D289F4B3A0094C492 /* Build configuration list for PBXNativeTarget "dxChallenge" */ = {
			isa = XCConfigurationList;
			buildConfigurations = (
				6A6B794E289F4B3A0094C492 /* Debug */,
				6A6B794F289F4B3A0094C492 /* Release */,
			);
			defaultConfigurationIsVisible = 0;
			defaultConfigurationName = Release;
		};
/* End XCConfigurationList section */
	};
	rootObject = 6A6B7931289F4B390094C492 /* Project object */;
}
