// !$*UTF8*$!
{
	archiveVersion = 1;
	classes = {
	};
	objectVersion = 55;
	objects = {

/* Begin PBXBuildFile section */
		2CCA43178642D2BF18221D0F /* Pods_dxChallenge.framework in Frameworks */ = {isa = PBXBuildFile; fileRef = 734E9BCEFCEAC25B948015A5 /* Pods_dxChallenge.framework */; };
		6A3EB13D289EB1FD00F99F3D /* AppDelegate.swift in Sources */ = {isa = PBXBuildFile; fileRef = 6A3EB13C289EB1FD00F99F3D /* AppDelegate.swift */; };
		6A3EB13F289EB1FD00F99F3D /* SceneDelegate.swift in Sources */ = {isa = PBXBuildFile; fileRef = 6A3EB13E289EB1FD00F99F3D /* SceneDelegate.swift */; };
		6A3EB141289EB1FD00F99F3D /* ViewController.swift in Sources */ = {isa = PBXBuildFile; fileRef = 6A3EB140289EB1FD00F99F3D /* ViewController.swift */; };
		6A3EB144289EB1FD00F99F3D /* Main.storyboard in Resources */ = {isa = PBXBuildFile; fileRef = 6A3EB142289EB1FD00F99F3D /* Main.storyboard */; };
		6A3EB146289EB1FF00F99F3D /* Assets.xcassets in Resources */ = {isa = PBXBuildFile; fileRef = 6A3EB145289EB1FF00F99F3D /* Assets.xcassets */; };
		6A3EB149289EB1FF00F99F3D /* LaunchScreen.storyboard in Resources */ = {isa = PBXBuildFile; fileRef = 6A3EB147289EB1FF00F99F3D /* LaunchScreen.storyboard */; };
/* End PBXBuildFile section */

/* Begin PBXFileReference section */
		506A97390C8595EAD572A152 /* Pods-dxChallenge.debug.xcconfig */ = {isa = PBXFileReference; includeInIndex = 1; lastKnownFileType = text.xcconfig; name = "Pods-dxChallenge.debug.xcconfig"; path = "Target Support Files/Pods-dxChallenge/Pods-dxChallenge.debug.xcconfig"; sourceTree = "<group>"; };
		6A3EB139289EB1FD00F99F3D /* dxChallenge.app */ = {isa = PBXFileReference; explicitFileType = wrapper.application; includeInIndex = 0; path = dxChallenge.app; sourceTree = BUILT_PRODUCTS_DIR; };
		6A3EB13C289EB1FD00F99F3D /* AppDelegate.swift */ = {isa = PBXFileReference; lastKnownFileType = sourcecode.swift; path = AppDelegate.swift; sourceTree = "<group>"; };
		6A3EB13E289EB1FD00F99F3D /* SceneDelegate.swift */ = {isa = PBXFileReference; lastKnownFileType = sourcecode.swift; path = SceneDelegate.swift; sourceTree = "<group>"; };
		6A3EB140289EB1FD00F99F3D /* ViewController.swift */ = {isa = PBXFileReference; lastKnownFileType = sourcecode.swift; path = ViewController.swift; sourceTree = "<group>"; };
		6A3EB143289EB1FD00F99F3D /* Base */ = {isa = PBXFileReference; lastKnownFileType = file.storyboard; name = Base; path = Base.lproj/Main.storyboard; sourceTree = "<group>"; };
		6A3EB145289EB1FF00F99F3D /* Assets.xcassets */ = {isa = PBXFileReference; lastKnownFileType = folder.assetcatalog; path = Assets.xcassets; sourceTree = "<group>"; };
		6A3EB148289EB1FF00F99F3D /* Base */ = {isa = PBXFileReference; lastKnownFileType = file.storyboard; name = Base; path = Base.lproj/LaunchScreen.storyboard; sourceTree = "<group>"; };
		6A3EB14A289EB1FF00F99F3D /* Info.plist */ = {isa = PBXFileReference; lastKnownFileType = text.plist.xml; path = Info.plist; sourceTree = "<group>"; };
		734E9BCEFCEAC25B948015A5 /* Pods_dxChallenge.framework */ = {isa = PBXFileReference; explicitFileType = wrapper.framework; includeInIndex = 0; path = Pods_dxChallenge.framework; sourceTree = BUILT_PRODUCTS_DIR; };
		9E32AF6979CEC17A2FB23516 /* Pods-dxChallenge.release.xcconfig */ = {isa = PBXFileReference; includeInIndex = 1; lastKnownFileType = text.xcconfig; name = "Pods-dxChallenge.release.xcconfig"; path = "Target Support Files/Pods-dxChallenge/Pods-dxChallenge.release.xcconfig"; sourceTree = "<group>"; };
/* End PBXFileReference section */

/* Begin PBXFrameworksBuildPhase section */
		6A3EB136289EB1FD00F99F3D /* Frameworks */ = {
			isa = PBXFrameworksBuildPhase;
			buildActionMask = 2147483647;
			files = (
				2CCA43178642D2BF18221D0F /* Pods_dxChallenge.framework in Frameworks */,
			);
			runOnlyForDeploymentPostprocessing = 0;
		};
/* End PBXFrameworksBuildPhase section */

/* Begin PBXGroup section */
		19946273FD27284868C43DDF /* Pods */ = {
			isa = PBXGroup;
			children = (
				506A97390C8595EAD572A152 /* Pods-dxChallenge.debug.xcconfig */,
				9E32AF6979CEC17A2FB23516 /* Pods-dxChallenge.release.xcconfig */,
			);
			name = Pods;
			path = Pods;
			sourceTree = "<group>";
		};
		6A3EB130289EB1FD00F99F3D = {
			isa = PBXGroup;
			children = (
				6A3EB13B289EB1FD00F99F3D /* dxChallenge */,
				6A3EB13A289EB1FD00F99F3D /* Products */,
				19946273FD27284868C43DDF /* Pods */,
				807FB32625CDBDACA5F71F73 /* Frameworks */,
			);
			sourceTree = "<group>";
		};
		6A3EB13A289EB1FD00F99F3D /* Products */ = {
			isa = PBXGroup;
			children = (
				6A3EB139289EB1FD00F99F3D /* dxChallenge.app */,
			);
			name = Products;
			sourceTree = "<group>";
		};
		6A3EB13B289EB1FD00F99F3D /* dxChallenge */ = {
			isa = PBXGroup;
			children = (
				6A3EB13C289EB1FD00F99F3D /* AppDelegate.swift */,
				6A3EB13E289EB1FD00F99F3D /* SceneDelegate.swift */,
				6A3EB140289EB1FD00F99F3D /* ViewController.swift */,
				6A3EB142289EB1FD00F99F3D /* Main.storyboard */,
				6A3EB145289EB1FF00F99F3D /* Assets.xcassets */,
				6A3EB147289EB1FF00F99F3D /* LaunchScreen.storyboard */,
				6A3EB14A289EB1FF00F99F3D /* Info.plist */,
			);
			path = dxChallenge;
			sourceTree = "<group>";
		};
		807FB32625CDBDACA5F71F73 /* Frameworks */ = {
			isa = PBXGroup;
			children = (
				734E9BCEFCEAC25B948015A5 /* Pods_dxChallenge.framework */,
			);
			name = Frameworks;
			sourceTree = "<group>";
		};
/* End PBXGroup section */

/* Begin PBXNativeTarget section */
		6A3EB138289EB1FD00F99F3D /* dxChallenge */ = {
			isa = PBXNativeTarget;
			buildConfigurationList = 6A3EB14D289EB1FF00F99F3D /* Build configuration list for PBXNativeTarget "dxChallenge" */;
			buildPhases = (
				E39324A2A36E2F0D7DF56F5F /* [CP] Check Pods Manifest.lock */,
				6A3EB135289EB1FD00F99F3D /* Sources */,
				6A3EB136289EB1FD00F99F3D /* Frameworks */,
				6A3EB137289EB1FD00F99F3D /* Resources */,
			);
			buildRules = (
			);
			dependencies = (
			);
			name = dxChallenge;
			productName = dxChallenge;
			productReference = 6A3EB139289EB1FD00F99F3D /* dxChallenge.app */;
			productType = "com.apple.product-type.application";
		};
/* End PBXNativeTarget section */

/* Begin PBXProject section */
		6A3EB131289EB1FD00F99F3D /* Project object */ = {
			isa = PBXProject;
			attributes = {
				BuildIndependentTargetsInParallel = 1;
				LastSwiftUpdateCheck = 1340;
				LastUpgradeCheck = 1340;
				TargetAttributes = {
					6A3EB138289EB1FD00F99F3D = {
						CreatedOnToolsVersion = 13.4.1;
					};
				};
			};
			buildConfigurationList = 6A3EB134289EB1FD00F99F3D /* Build configuration list for PBXProject "dxChallenge" */;
			compatibilityVersion = "Xcode 13.0";
			developmentRegion = en;
			hasScannedForEncodings = 0;
			knownRegions = (
				en,
				Base,
			);
			mainGroup = 6A3EB130289EB1FD00F99F3D;
			productRefGroup = 6A3EB13A289EB1FD00F99F3D /* Products */;
			projectDirPath = "";
			projectRoot = "";
			targets = (
				6A3EB138289EB1FD00F99F3D /* dxChallenge */,
			);
		};
/* End PBXProject section */

/* Begin PBXResourcesBuildPhase section */
		6A3EB137289EB1FD00F99F3D /* Resources */ = {
			isa = PBXResourcesBuildPhase;
			buildActionMask = 2147483647;
			files = (
				6A3EB149289EB1FF00F99F3D /* LaunchScreen.storyboard in Resources */,
				6A3EB146289EB1FF00F99F3D /* Assets.xcassets in Resources */,
				6A3EB144289EB1FD00F99F3D /* Main.storyboard in Resources */,
			);
			runOnlyForDeploymentPostprocessing = 0;
		};
/* End PBXResourcesBuildPhase section */

/* Begin PBXShellScriptBuildPhase section */
		E39324A2A36E2F0D7DF56F5F /* [CP] Check Pods Manifest.lock */ = {
			isa = PBXShellScriptBuildPhase;
			buildActionMask = 2147483647;
			files = (
			);
			inputFileListPaths = (
			);
			inputPaths = (
				"${PODS_PODFILE_DIR_PATH}/Podfile.lock",
				"${PODS_ROOT}/Manifest.lock",
			);
			name = "[CP] Check Pods Manifest.lock";
			outputFileListPaths = (
			);
			outputPaths = (
				"$(DERIVED_FILE_DIR)/Pods-dxChallenge-checkManifestLockResult.txt",
			);
			runOnlyForDeploymentPostprocessing = 0;
			shellPath = /bin/sh;
			shellScript = "diff \"${PODS_PODFILE_DIR_PATH}/Podfile.lock\" \"${PODS_ROOT}/Manifest.lock\" > /dev/null\nif [ $? != 0 ] ; then\n    # print error to STDERR\n    echo \"error: The sandbox is not in sync with the Podfile.lock. Run 'pod install' or update your CocoaPods installation.\" >&2\n    exit 1\nfi\n# This output is used by Xcode 'outputs' to avoid re-running this script phase.\necho \"SUCCESS\" > \"${SCRIPT_OUTPUT_FILE_0}\"\n";
			showEnvVarsInLog = 0;
		};
/* End PBXShellScriptBuildPhase section */

/* Begin PBXSourcesBuildPhase section */
		6A3EB135289EB1FD00F99F3D /* Sources */ = {
			isa = PBXSourcesBuildPhase;
			buildActionMask = 2147483647;
			files = (
				6A3EB141289EB1FD00F99F3D /* ViewController.swift in Sources */,
				6A3EB13D289EB1FD00F99F3D /* AppDelegate.swift in Sources */,
				6A3EB13F289EB1FD00F99F3D /* SceneDelegate.swift in Sources */,
			);
			runOnlyForDeploymentPostprocessing = 0;
		};
/* End PBXSourcesBuildPhase section */

/* Begin PBXVariantGroup section */
		6A3EB142289EB1FD00F99F3D /* Main.storyboard */ = {
			isa = PBXVariantGroup;
			children = (
				6A3EB143289EB1FD00F99F3D /* Base */,
			);
			name = Main.storyboard;
			sourceTree = "<group>";
		};
		6A3EB147289EB1FF00F99F3D /* LaunchScreen.storyboard */ = {
			isa = PBXVariantGroup;
			children = (
				6A3EB148289EB1FF00F99F3D /* Base */,
			);
			name = LaunchScreen.storyboard;
			sourceTree = "<group>";
		};
/* End PBXVariantGroup section */

/* Begin XCBuildConfiguration section */
		6A3EB14B289EB1FF00F99F3D /* Debug */ = {
			isa = XCBuildConfiguration;
			buildSettings = {
				ALWAYS_SEARCH_USER_PATHS = NO;
				CLANG_ANALYZER_NONNULL = YES;
				CLANG_ANALYZER_NUMBER_OBJECT_CONVERSION = YES_AGGRESSIVE;
				CLANG_CXX_LANGUAGE_STANDARD = "gnu++17";
				CLANG_ENABLE_MODULES = YES;
				CLANG_ENABLE_OBJC_ARC = YES;
				CLANG_ENABLE_OBJC_WEAK = YES;
				CLANG_WARN_BLOCK_CAPTURE_AUTORELEASING = YES;
				CLANG_WARN_BOOL_CONVERSION = YES;
				CLANG_WARN_COMMA = YES;
				CLANG_WARN_CONSTANT_CONVERSION = YES;
				CLANG_WARN_DEPRECATED_OBJC_IMPLEMENTATIONS = YES;
				CLANG_WARN_DIRECT_OBJC_ISA_USAGE = YES_ERROR;
				CLANG_WARN_DOCUMENTATION_COMMENTS = YES;
				CLANG_WARN_EMPTY_BODY = YES;
				CLANG_WARN_ENUM_CONVERSION = YES;
				CLANG_WARN_INFINITE_RECURSION = YES;
				CLANG_WARN_INT_CONVERSION = YES;
				CLANG_WARN_NON_LITERAL_NULL_CONVERSION = YES;
				CLANG_WARN_OBJC_IMPLICIT_RETAIN_SELF = YES;
				CLANG_WARN_OBJC_LITERAL_CONVERSION = YES;
				CLANG_WARN_OBJC_ROOT_CLASS = YES_ERROR;
				CLANG_WARN_QUOTED_INCLUDE_IN_FRAMEWORK_HEADER = YES;
				CLANG_WARN_RANGE_LOOP_ANALYSIS = YES;
				CLANG_WARN_STRICT_PROTOTYPES = YES;
				CLANG_WARN_SUSPICIOUS_MOVE = YES;
				CLANG_WARN_UNGUARDED_AVAILABILITY = YES_AGGRESSIVE;
				CLANG_WARN_UNREACHABLE_CODE = YES;
				CLANG_WARN__DUPLICATE_METHOD_MATCH = YES;
				COPY_PHASE_STRIP = NO;
				DEBUG_INFORMATION_FORMAT = dwarf;
				ENABLE_STRICT_OBJC_MSGSEND = YES;
				ENABLE_TESTABILITY = YES;
				GCC_C_LANGUAGE_STANDARD = gnu11;
				GCC_DYNAMIC_NO_PIC = NO;
				GCC_NO_COMMON_BLOCKS = YES;
				GCC_OPTIMIZATION_LEVEL = 0;
				GCC_PREPROCESSOR_DEFINITIONS = (
					"DEBUG=1",
					"$(inherited)",
				);
				GCC_WARN_64_TO_32_BIT_CONVERSION = YES;
				GCC_WARN_ABOUT_RETURN_TYPE = YES_ERROR;
				GCC_WARN_UNDECLARED_SELECTOR = YES;
				GCC_WARN_UNINITIALIZED_AUTOS = YES_AGGRESSIVE;
				GCC_WARN_UNUSED_FUNCTION = YES;
				GCC_WARN_UNUSED_VARIABLE = YES;
				IPHONEOS_DEPLOYMENT_TARGET = 15.5;
				MTL_ENABLE_DEBUG_INFO = INCLUDE_SOURCE;
				MTL_FAST_MATH = YES;
				ONLY_ACTIVE_ARCH = YES;
				SDKROOT = iphoneos;
				SWIFT_ACTIVE_COMPILATION_CONDITIONS = DEBUG;
				SWIFT_OPTIMIZATION_LEVEL = "-Onone";
			};
			name = Debug;
		};
		6A3EB14C289EB1FF00F99F3D /* Release */ = {
			isa = XCBuildConfiguration;
			buildSettings = {
				ALWAYS_SEARCH_USER_PATHS = NO;
				CLANG_ANALYZER_NONNULL = YES;
				CLANG_ANALYZER_NUMBER_OBJECT_CONVERSION = YES_AGGRESSIVE;
				CLANG_CXX_LANGUAGE_STANDARD = "gnu++17";
				CLANG_ENABLE_MODULES = YES;
				CLANG_ENABLE_OBJC_ARC = YES;
				CLANG_ENABLE_OBJC_WEAK = YES;
				CLANG_WARN_BLOCK_CAPTURE_AUTORELEASING = YES;
				CLANG_WARN_BOOL_CONVERSION = YES;
				CLANG_WARN_COMMA = YES;
				CLANG_WARN_CONSTANT_CONVERSION = YES;
				CLANG_WARN_DEPRECATED_OBJC_IMPLEMENTATIONS = YES;
				CLANG_WARN_DIRECT_OBJC_ISA_USAGE = YES_ERROR;
				CLANG_WARN_DOCUMENTATION_COMMENTS = YES;
				CLANG_WARN_EMPTY_BODY = YES;
				CLANG_WARN_ENUM_CONVERSION = YES;
				CLANG_WARN_INFINITE_RECURSION = YES;
				CLANG_WARN_INT_CONVERSION = YES;
				CLANG_WARN_NON_LITERAL_NULL_CONVERSION = YES;
				CLANG_WARN_OBJC_IMPLICIT_RETAIN_SELF = YES;
				CLANG_WARN_OBJC_LITERAL_CONVERSION = YES;
				CLANG_WARN_OBJC_ROOT_CLASS = YES_ERROR;
				CLANG_WARN_QUOTED_INCLUDE_IN_FRAMEWORK_HEADER = YES;
				CLANG_WARN_RANGE_LOOP_ANALYSIS = YES;
				CLANG_WARN_STRICT_PROTOTYPES = YES;
				CLANG_WARN_SUSPICIOUS_MOVE = YES;
				CLANG_WARN_UNGUARDED_AVAILABILITY = YES_AGGRESSIVE;
				CLANG_WARN_UNREACHABLE_CODE = YES;
				CLANG_WARN__DUPLICATE_METHOD_MATCH = YES;
				COPY_PHASE_STRIP = NO;
				DEBUG_INFORMATION_FORMAT = "dwarf-with-dsym";
				ENABLE_NS_ASSERTIONS = NO;
				ENABLE_STRICT_OBJC_MSGSEND = YES;
				GCC_C_LANGUAGE_STANDARD = gnu11;
				GCC_NO_COMMON_BLOCKS = YES;
				GCC_WARN_64_TO_32_BIT_CONVERSION = YES;
				GCC_WARN_ABOUT_RETURN_TYPE = YES_ERROR;
				GCC_WARN_UNDECLARED_SELECTOR = YES;
				GCC_WARN_UNINITIALIZED_AUTOS = YES_AGGRESSIVE;
				GCC_WARN_UNUSED_FUNCTION = YES;
				GCC_WARN_UNUSED_VARIABLE = YES;
				IPHONEOS_DEPLOYMENT_TARGET = 15.5;
				MTL_ENABLE_DEBUG_INFO = NO;
				MTL_FAST_MATH = YES;
				SDKROOT = iphoneos;
				SWIFT_COMPILATION_MODE = wholemodule;
				SWIFT_OPTIMIZATION_LEVEL = "-O";
				VALIDATE_PRODUCT = YES;
			};
			name = Release;
		};
		6A3EB14E289EB1FF00F99F3D /* Debug */ = {
			isa = XCBuildConfiguration;
			baseConfigurationReference = 506A97390C8595EAD572A152 /* Pods-dxChallenge.debug.xcconfig */;
			buildSettings = {
				ASSETCATALOG_COMPILER_APPICON_NAME = AppIcon;
				ASSETCATALOG_COMPILER_GLOBAL_ACCENT_COLOR_NAME = AccentColor;
				CODE_SIGN_STYLE = Automatic;
				CURRENT_PROJECT_VERSION = 1;
				DEVELOPMENT_TEAM = 8CC3Y38GVP;
				GENERATE_INFOPLIST_FILE = YES;
				INFOPLIST_FILE = dxChallenge/Info.plist;
				INFOPLIST_KEY_UIApplicationSupportsIndirectInputEvents = YES;
				INFOPLIST_KEY_UILaunchStoryboardName = LaunchScreen;
				INFOPLIST_KEY_UIMainStoryboardFile = Main;
				INFOPLIST_KEY_UISupportedInterfaceOrientations = "";
				INFOPLIST_KEY_UISupportedInterfaceOrientations_iPad = "UIInterfaceOrientationPortrait UIInterfaceOrientationPortraitUpsideDown UIInterfaceOrientationLandscapeLeft UIInterfaceOrientationLandscapeRight";
				INFOPLIST_KEY_UISupportedInterfaceOrientations_iPhone = "UIInterfaceOrientationPortrait UIInterfaceOrientationLandscapeLeft UIInterfaceOrientationLandscapeRight";
				LD_RUNPATH_SEARCH_PATHS = (
					"$(inherited)",
					"@executable_path/Frameworks",
				);
				MARKETING_VERSION = 1.0;
				PRODUCT_BUNDLE_IDENTIFIER = Sa2so5iso.dxChallenge;
				PRODUCT_NAME = "$(TARGET_NAME)";
				SWIFT_EMIT_LOC_STRINGS = YES;
				SWIFT_VERSION = 5.0;
				TARGETED_DEVICE_FAMILY = 1;
			};
			name = Debug;
		};
		6A3EB14F289EB1FF00F99F3D /* Release */ = {
			isa = XCBuildConfiguration;
			baseConfigurationReference = 9E32AF6979CEC17A2FB23516 /* Pods-dxChallenge.release.xcconfig */;
			buildSettings = {
				ASSETCATALOG_COMPILER_APPICON_NAME = AppIcon;
				ASSETCATALOG_COMPILER_GLOBAL_ACCENT_COLOR_NAME = AccentColor;
				CODE_SIGN_STYLE = Automatic;
				CURRENT_PROJECT_VERSION = 1;
				DEVELOPMENT_TEAM = 8CC3Y38GVP;
				GENERATE_INFOPLIST_FILE = YES;
				INFOPLIST_FILE = dxChallenge/Info.plist;
				INFOPLIST_KEY_UIApplicationSupportsIndirectInputEvents = YES;
				INFOPLIST_KEY_UILaunchStoryboardName = LaunchScreen;
				INFOPLIST_KEY_UIMainStoryboardFile = Main;
				INFOPLIST_KEY_UISupportedInterfaceOrientations = "";
				INFOPLIST_KEY_UISupportedInterfaceOrientations_iPad = "UIInterfaceOrientationPortrait UIInterfaceOrientationPortraitUpsideDown UIInterfaceOrientationLandscapeLeft UIInterfaceOrientationLandscapeRight";
				INFOPLIST_KEY_UISupportedInterfaceOrientations_iPhone = "UIInterfaceOrientationPortrait UIInterfaceOrientationLandscapeLeft UIInterfaceOrientationLandscapeRight";
				LD_RUNPATH_SEARCH_PATHS = (
					"$(inherited)",
					"@executable_path/Frameworks",
				);
				MARKETING_VERSION = 1.0;
				PRODUCT_BUNDLE_IDENTIFIER = Sa2so5iso.dxChallenge;
				PRODUCT_NAME = "$(TARGET_NAME)";
				SWIFT_EMIT_LOC_STRINGS = YES;
				SWIFT_VERSION = 5.0;
				TARGETED_DEVICE_FAMILY = 1;
			};
			name = Release;
		};
/* End XCBuildConfiguration section */

/* Begin XCConfigurationList section */
		6A3EB134289EB1FD00F99F3D /* Build configuration list for PBXProject "dxChallenge" */ = {
			isa = XCConfigurationList;
			buildConfigurations = (
				6A3EB14B289EB1FF00F99F3D /* Debug */,
				6A3EB14C289EB1FF00F99F3D /* Release */,
			);
			defaultConfigurationIsVisible = 0;
			defaultConfigurationName = Release;
		};
		6A3EB14D289EB1FF00F99F3D /* Build configuration list for PBXNativeTarget "dxChallenge" */ = {
			isa = XCConfigurationList;
			buildConfigurations = (
				6A3EB14E289EB1FF00F99F3D /* Debug */,
				6A3EB14F289EB1FF00F99F3D /* Release */,
			);
			defaultConfigurationIsVisible = 0;
			defaultConfigurationName = Release;
		};
/* End XCConfigurationList section */
	};
	rootObject = 6A3EB131289EB1FD00F99F3D /* Project object */;
}
